
Microsoft Visual Studio Solution File, Format Version 12.00
# Visual Studio Version 17
VisualStudioVersion = 17.8.34330.188
MinimumVisualStudioVersion = 10.0.40219.1
Project("{9A19103F-16F7-4668-BE54-9A1E7A4F7556}") = "ECommerceProject", "ECommerceProject\ECommerceProject.csproj", "{5F00B071-EAB6-4FB5-8218-66FD35C8E15A}"
EndProject
Project("{FAE04EC0-301F-11D3-BF4B-00C04F79EFBC}") = "ECommerceProject.DataAccess", "ECommerceProject.DataAccess\ECommerceProject.DataAccess.csproj", "{4C3CA70F-DEEE-43D1-BDE3-E92440D29BAC}"
EndProject
Project("{FAE04EC0-301F-11D3-BF4B-00C04F79EFBC}") = "ECommerceProject.Models", "ECommerceProject.Models\ECommerceProject.Models.csproj", "{C2FB06EE-C19C-4493-8273-3BDD8611A783}"
EndProject
Project("{FAE04EC0-301F-11D3-BF4B-00C04F79EFBC}") = "ECommerceProject.Utility", "ECommerceProject.Utility\ECommerceProject.Utility.csproj", "{D8D4038D-9928-438A-BE03-7E5C0E52639B}"
EndProject
Global
	GlobalSection(SolutionConfigurationPlatforms) = preSolution
		Debug|Any CPU = Debug|Any CPU
		Release|Any CPU = Release|Any CPU
	EndGlobalSection
	GlobalSection(ProjectConfigurationPlatforms) = postSolution
		{5F00B071-EAB6-4FB5-8218-66FD35C8E15A}.Debug|Any CPU.ActiveCfg = Debug|Any CPU
		{5F00B071-EAB6-4FB5-8218-66FD35C8E15A}.Debug|Any CPU.Build.0 = Debug|Any CPU
		{5F00B071-EAB6-4FB5-8218-66FD35C8E15A}.Release|Any CPU.ActiveCfg = Release|Any CPU
		{5F00B071-EAB6-4FB5-8218-66FD35C8E15A}.Release|Any CPU.Build.0 = Release|Any CPU
		{4C3CA70F-DEEE-43D1-BDE3-E92440D29BAC}.Debug|Any CPU.ActiveCfg = Debug|Any CPU
		{4C3CA70F-DEEE-43D1-BDE3-E92440D29BAC}.Debug|Any CPU.Build.0 = Debug|Any CPU
		{4C3CA70F-DEEE-43D1-BDE3-E92440D29BAC}.Release|Any CPU.ActiveCfg = Release|Any CPU
		{4C3CA70F-DEEE-43D1-BDE3-E92440D29BAC}.Release|Any CPU.Build.0 = Release|Any CPU
		{C2FB06EE-C19C-4493-8273-3BDD8611A783}.Debug|Any CPU.ActiveCfg = Debug|Any CPU
		{C2FB06EE-C19C-4493-8273-3BDD8611A783}.Debug|Any CPU.Build.0 = Debug|Any CPU
		{C2FB06EE-C19C-4493-8273-3BDD8611A783}.Release|Any CPU.ActiveCfg = Release|Any CPU
		{C2FB06EE-C19C-4493-8273-3BDD8611A783}.Release|Any CPU.Build.0 = Release|Any CPU
		{D8D4038D-9928-438A-BE03-7E5C0E52639B}.Debug|Any CPU.ActiveCfg = Debug|Any CPU
		{D8D4038D-9928-438A-BE03-7E5C0E52639B}.Debug|Any CPU.Build.0 = Debug|Any CPU
		{D8D4038D-9928-438A-BE03-7E5C0E52639B}.Release|Any CPU.ActiveCfg = Release|Any CPU
		{D8D4038D-9928-438A-BE03-7E5C0E52639B}.Release|Any CPU.Build.0 = Release|Any CPU
	EndGlobalSection
	GlobalSection(SolutionProperties) = preSolution
		HideSolutionNode = FALSE
	EndGlobalSection
	GlobalSection(ExtensibilityGlobals) = postSolution
		SolutionGuid = {7FB434F9-D060-4DA8-89F5-5ECD7872AA46}
	EndGlobalSection
EndGlobal
